
Microsoft Visual Studio Solution File, Format Version 12.00
# Visual Studio Version 17
VisualStudioVersion = 17.11.35222.181
MinimumVisualStudioVersion = 10.0.40219.1
Project("{FAE04EC0-301F-11D3-BF4B-00C04F79EFBC}") = "MiniProject_API", "MiniProject_API\MiniProject_API.csproj", "{6785063E-CD79-4F77-91FB-F81A638EC36B}"
EndProject
Global
	GlobalSection(SolutionConfigurationPlatforms) = preSolution
		Debug|Any CPU = Debug|Any CPU
		Release|Any CPU = Release|Any CPU
	EndGlobalSection
	GlobalSection(ProjectConfigurationPlatforms) = postSolution
		{6785063E-CD79-4F77-91FB-F81A638EC36B}.Debug|Any CPU.ActiveCfg = Debug|Any CPU
		{6785063E-CD79-4F77-91FB-F81A638EC36B}.Debug|Any CPU.Build.0 = Debug|Any CPU
		{6785063E-CD79-4F77-91FB-F81A638EC36B}.Release|Any CPU.ActiveCfg = Release|Any CPU
		{6785063E-CD79-4F77-91FB-F81A638EC36B}.Release|Any CPU.Build.0 = Release|Any CPU
	EndGlobalSection
	GlobalSection(SolutionProperties) = preSolution
		HideSolutionNode = FALSE
	EndGlobalSection
	GlobalSection(ExtensibilityGlobals) = postSolution
		SolutionGuid = {B0BA22F1-8E16-478F-A066-90C27EE09CEF}
	EndGlobalSection
EndGlobal
